
Microsoft Visual Studio Solution File, Format Version 12.00
# Visual Studio Version 16
VisualStudioVersion = 16.0.30011.22
MinimumVisualStudioVersion = 10.0.40219.1
Project("{FAE04EC0-301F-11D3-BF4B-00C04F79EFBC}") = "CourseWork3_DB", "CourseWork3_DB\CourseWork3_DB.csproj", "{095B4518-176E-446C-A619-0E42411809D6}"
EndProject
Global
	GlobalSection(SolutionConfigurationPlatforms) = preSolution
		Debug|Any CPU = Debug|Any CPU
		Release|Any CPU = Release|Any CPU
	EndGlobalSection
	GlobalSection(ProjectConfigurationPlatforms) = postSolution
		{095B4518-176E-446C-A619-0E42411809D6}.Debug|Any CPU.ActiveCfg = Debug|Any CPU
		{095B4518-176E-446C-A619-0E42411809D6}.Debug|Any CPU.Build.0 = Debug|Any CPU
		{095B4518-176E-446C-A619-0E42411809D6}.Release|Any CPU.ActiveCfg = Release|Any CPU
		{095B4518-176E-446C-A619-0E42411809D6}.Release|Any CPU.Build.0 = Release|Any CPU
	EndGlobalSection
	GlobalSection(SolutionProperties) = preSolution
		HideSolutionNode = FALSE
	EndGlobalSection
	GlobalSection(ExtensibilityGlobals) = postSolution
		SolutionGuid = {D6C70BE1-C011-47FA-AC62-6052AD2D85DF}
	EndGlobalSection
EndGlobal
